
Microsoft Visual Studio Solution File, Format Version 12.00
# Visual Studio 15
VisualStudioVersion = 15.0.27004.2006
MinimumVisualStudioVersion = 10.0.40219.1
Project("{FAE04EC0-301F-11D3-BF4B-00C04F79EFBC}") = "CompGeomLib", "CompGeomLib\CompGeomLib.csproj", "{E6EA92A6-81BC-4B92-B723-C00F530427DD}"
EndProject
Global
	GlobalSection(SolutionConfigurationPlatforms) = preSolution
		Debug|Any CPU = Debug|Any CPU
		Release|Any CPU = Release|Any CPU
	EndGlobalSection
	GlobalSection(ProjectConfigurationPlatforms) = postSolution
		{E6EA92A6-81BC-4B92-B723-C00F530427DD}.Debug|Any CPU.ActiveCfg = Debug|Any CPU
		{E6EA92A6-81BC-4B92-B723-C00F530427DD}.Debug|Any CPU.Build.0 = Debug|Any CPU
		{E6EA92A6-81BC-4B92-B723-C00F530427DD}.Release|Any CPU.ActiveCfg = Release|Any CPU
		{E6EA92A6-81BC-4B92-B723-C00F530427DD}.Release|Any CPU.Build.0 = Release|Any CPU
	EndGlobalSection
	GlobalSection(SolutionProperties) = preSolution
		HideSolutionNode = FALSE
	EndGlobalSection
	GlobalSection(ExtensibilityGlobals) = postSolution
		SolutionGuid = {7AFE961B-0C13-435E-AC44-072B835B178A}
	EndGlobalSection
EndGlobal
